<?xml version="1.0" encoding="UTF-8"?>
<Scheme
   version = "1.3">
   <BuildAction>
      <BuildActionEntries>
         <BuildActionEntry
            buildForRunning = "YES"
            buildForTesting = "YES">
            <BuildableReference
               BuildableIdentifier = "primary"
               BlueprintIdentifier = "5459081CA0B7ED8C657BE0EC"
               BuildableName = "MyRallyAppTests.octest"
               BlueprintName = "MyRallyAppTests"
               ReferencedContainer = "container:MyRallyApp.xcodeproj">
            </BuildableReference>
         </BuildActionEntry>
      </BuildActionEntries>
   </BuildAction>
   <TestAction
      buildConfiguration = "Debug">
      <Testables>
         <TestableReference>
            <BuildableReference
               BuildableIdentifier = "primary"
               BlueprintIdentifier = "5459081CA0B7ED8C657BE0EC"
               BuildableName = "MyRallyAppTests.octest"
               BlueprintName = "MyRallyAppTests"
               ReferencedContainer = "container:MyRallyApp.xcodeproj">
            </BuildableReference>
         </TestableReference>
      </Testables>
   </TestAction>
   <LaunchAction
      useCustomWorkingDirectory = "NO">
   </LaunchAction>
</Scheme>
