PODS:
  - AFNetworking (1.3.0)
  - EZForm (1.2.0)
  - SVPullToRefresh (0.4.1)

DEPENDENCIES:
  - AFNetworking
  - EZForm (= 1.2.0)
  - SVPullToRefresh

SPEC CHECKSUMS:
  AFNetworking: e528f20d06b1b818c3571266fb5efa20031a8ace
  EZForm: ffdae67df0cdae6c06c3c27f03efe227d5eb9875
  SVPullToRefresh: 61a0e4bd12bd6f8e3465909810b0fbeb1a28d5f2

COCOAPODS: 0.20.2
