// !$*UTF8*$!
{
	archiveVersion = 1;
	classes = {
	};
	objectVersion = 46;
	objects = {

/* Begin PBXBuildFile section */
		0AE5404DAC9F4043BBF954F4 /* libPods.a in Frameworks */ = {isa = PBXBuildFile; fileRef = DC9E32D4976144D9A69143C6 /* libPods.a */; };
		54590075094F5B2AE5D51FA9 /* Podfile in Resources */ = {isa = PBXBuildFile; fileRef = 54590DA8D48E2433AF1E00DC /* Podfile */; };
		545900BB8C25A6F6C02DC7EE /* StoryDividerTests.m in Sources */ = {isa = PBXBuildFile; fileRef = 54590EB6DD2C862A7F173308 /* StoryDividerTests.m */; };
		5459011D18AFBAF54D873B2B /* Default@2x.png in Resources */ = {isa = PBXBuildFile; fileRef = 5459050FA006745DA716B60E /* Default@2x.png */; };
		5459013EBE9F0E5C78C72D14 /* Default-568h@2x.png in Resources */ = {isa = PBXBuildFile; fileRef = 54590E87A23E7D5927C1F916 /* Default-568h@2x.png */; };
		5459014A93F7B70F79887D5D /* Rakefile in Resources */ = {isa = PBXBuildFile; fileRef = 545902A171696C380F7EC69D /* Rakefile */; };
		545901552ACC8C59EEF8EC09 /* StoryCell.m in Sources */ = {isa = PBXBuildFile; fileRef = 54590BFB50AD21312F2899BB /* StoryCell.m */; };
		545902249B0D9EED72C8F440 /* StoryCellTests.m in Sources */ = {isa = PBXBuildFile; fileRef = 545906C19DECACCC57A04A50 /* StoryCellTests.m */; };
		54590299F3ED513FF2A2E8D7 /* InfoPlist.strings in Resources */ = {isa = PBXBuildFile; fileRef = 54590F9A29360D5F7EAB9BA7 /* InfoPlist.strings */; };
		545902ABD9D18500C3A1DD70 /* Foundation.framework in Frameworks */ = {isa = PBXBuildFile; fileRef = 54590BBFA0EAB4FAEC802058 /* Foundation.framework */; };
		54590430BCADA08D534E054E /* StoryCell.xib in Resources */ = {isa = PBXBuildFile; fileRef = 545902B43279A59D1F37C1D6 /* StoryCell.xib */; };
		545905203FC6E07D21036752 /* CoreGraphics.framework in Frameworks */ = {isa = PBXBuildFile; fileRef = 5459038A56F7BD684A5FA8A7 /* CoreGraphics.framework */; };
		54590570EC6682E6B04A155B /* MainStoryboard.storyboard in Resources */ = {isa = PBXBuildFile; fileRef = 545903C2AFA25705F1713DA6 /* MainStoryboard.storyboard */; };
		545905963F036EABA94CA5BE /* RallyClientTests.m in Sources */ = {isa = PBXBuildFile; fileRef = 545901EE5792260CD7911C21 /* RallyClientTests.m */; };
		545905CE41C29BC58CF97E5D /* RALoginController.m in Sources */ = {isa = PBXBuildFile; fileRef = 5459012DFA1CC5DD3898D0C3 /* RALoginController.m */; };
		545906D72AF3F55C566D8583 /* UIKit.framework in Frameworks */ = {isa = PBXBuildFile; fileRef = 54590F36C67DD419EB0E063A /* UIKit.framework */; };
		545907EA4B139C5A7390A041 /* SenTestingKit.framework in Frameworks */ = {isa = PBXBuildFile; fileRef = 54590F3FD60D1C25D15DD9BA /* SenTestingKit.framework */; };
		54590807A33783883F9D0F79 /* StoryDivider.m in Sources */ = {isa = PBXBuildFile; fileRef = 54590D8C123753B1C89E0656 /* StoryDivider.m */; };
		545908A738B5EEB1DA2A1C3B /* InfoPlist.strings in Resources */ = {isa = PBXBuildFile; fileRef = 5459070A5C1538565543FFB0 /* InfoPlist.strings */; };
		545908DEFA8ADB8955A965EF /* Foundation.framework in Frameworks */ = {isa = PBXBuildFile; fileRef = 54590BBFA0EAB4FAEC802058 /* Foundation.framework */; };
		54590A316F9A9D921D8B6815 /* StoryDataSourceTests.m in Sources */ = {isa = PBXBuildFile; fileRef = 54590CEA2C5C135F462DD18B /* StoryDataSourceTests.m */; };
		54590A52A4A01B57F2614749 /* .travis.yml in Resources */ = {isa = PBXBuildFile; fileRef = 545900B22C603F92D364A590 /* .travis.yml */; };
		54590AD942C09298A1DE9F18 /* Gemfile in Resources */ = {isa = PBXBuildFile; fileRef = 5459001F203F364BFB46923F /* Gemfile */; };
		54590ADDDE95C6EF18700C44 /* StoryDataSource.m in Sources */ = {isa = PBXBuildFile; fileRef = 54590EE332CA6213C8EE9FEB /* StoryDataSource.m */; };
		54590B76632215B80F09DDF4 /* RAAppDelegate.m in Sources */ = {isa = PBXBuildFile; fileRef = 5459013BCFB66C92D96A37A5 /* RAAppDelegate.m */; };
		54590D0602B4F43B4470C443 /* RallyClient.m in Sources */ = {isa = PBXBuildFile; fileRef = 545904BD690706011CFD8DFC /* RallyClient.m */; };
		54590D375583C5BDD1B18073 /* main.m in Sources */ = {isa = PBXBuildFile; fileRef = 545905850AE7113F4C91BEF3 /* main.m */; };
		54590D9E2CC17BAD9C6A2537 /* CTCustomTableViewCell.m in Sources */ = {isa = PBXBuildFile; fileRef = 54590BE03D81C4F8EB8305AD /* CTCustomTableViewCell.m */; };
		54590F0FF6B010B84C685BCB /* Default.png in Resources */ = {isa = PBXBuildFile; fileRef = 54590F9798347B62499F9D67 /* Default.png */; };
		54590F42BD971D27C49DA8B7 /* UIKit.framework in Frameworks */ = {isa = PBXBuildFile; fileRef = 54590F36C67DD419EB0E063A /* UIKit.framework */; };
		54590F43D007FBD3B54EA2C1 /* StoriesViewController.m in Sources */ = {isa = PBXBuildFile; fileRef = 5459098EC937FED54B70912A /* StoriesViewController.m */; };
/* End PBXBuildFile section */

/* Begin PBXContainerItemProxy section */
		54590ECFD801EC237A589842 /* PBXContainerItemProxy */ = {
			isa = PBXContainerItemProxy;
			containerPortal = 54590A4D4EAF3771C19B2603 /* Project object */;
			proxyType = 1;
			remoteGlobalIDString = 545909CCA13D1F079C16F0DF;
			remoteInfo = MyRallyApp;
		};
/* End PBXContainerItemProxy section */

/* Begin PBXFileReference section */
		02AFF5751760D04D0069E4C3 /* libPods.a */ = {isa = PBXFileReference; lastKnownFileType = archive.ar; name = libPods.a; path = "Pods/build/Release-iphoneos/libPods.a"; sourceTree = "<group>"; };
		54590016F9E3E979B8086653 /* MyRallyApp.app */ = {isa = PBXFileReference; explicitFileType = wrapper.application; includeInIndex = 0; path = MyRallyApp.app; sourceTree = BUILT_PRODUCTS_DIR; };
		5459001F203F364BFB46923F /* Gemfile */ = {isa = PBXFileReference; fileEncoding = 4; lastKnownFileType = text; path = Gemfile; sourceTree = "<group>"; };
		545900B22C603F92D364A590 /* .travis.yml */ = {isa = PBXFileReference; lastKnownFileType = file.yml; path = .travis.yml; sourceTree = "<group>"; };
		545900CC0D60E6C4DEAFBCB9 /* RALoginController.h */ = {isa = PBXFileReference; lastKnownFileType = sourcecode.c.h; path = RALoginController.h; sourceTree = "<group>"; };
		5459012DFA1CC5DD3898D0C3 /* RALoginController.m */ = {isa = PBXFileReference; lastKnownFileType = sourcecode.c.objc; path = RALoginController.m; sourceTree = "<group>"; };
		5459013BCFB66C92D96A37A5 /* RAAppDelegate.m */ = {isa = PBXFileReference; lastKnownFileType = sourcecode.c.objc; path = RAAppDelegate.m; sourceTree = "<group>"; };
		54590153E68EC1845FEDCA7C /* StoryCellTests.h */ = {isa = PBXFileReference; fileEncoding = 4; lastKnownFileType = sourcecode.c.h; path = StoryCellTests.h; sourceTree = "<group>"; };
		545901AC6FA27D69517B100B /* en */ = {isa = PBXFileReference; lastKnownFileType = text.plist.strings; name = en; path = en.lproj/InfoPlist.strings; sourceTree = "<group>"; };
		545901EE5792260CD7911C21 /* RallyClientTests.m */ = {isa = PBXFileReference; fileEncoding = 4; lastKnownFileType = sourcecode.c.objc; path = RallyClientTests.m; sourceTree = "<group>"; };
		545902A171696C380F7EC69D /* Rakefile */ = {isa = PBXFileReference; fileEncoding = 4; lastKnownFileType = text; path = Rakefile; sourceTree = "<group>"; };
		545902B43279A59D1F37C1D6 /* StoryCell.xib */ = {isa = PBXFileReference; lastKnownFileType = file.xib; path = StoryCell.xib; sourceTree = "<group>"; };
		545902C7E34AD6AEFCE55E64 /* StoryCell.h */ = {isa = PBXFileReference; fileEncoding = 4; lastKnownFileType = sourcecode.c.h; path = StoryCell.h; sourceTree = "<group>"; };
		5459038A56F7BD684A5FA8A7 /* CoreGraphics.framework */ = {isa = PBXFileReference; lastKnownFileType = wrapper.framework; name = CoreGraphics.framework; path = System/Library/Frameworks/CoreGraphics.framework; sourceTree = SDKROOT; };
		5459047929CCFB42ADC10ECD /* RAAppDelegate.h */ = {isa = PBXFileReference; lastKnownFileType = sourcecode.c.h; path = RAAppDelegate.h; sourceTree = "<group>"; };
		5459048B880EB8C731BC9F03 /* MyRallyApp-Info.plist */ = {isa = PBXFileReference; lastKnownFileType = text.plist.info; path = "MyRallyApp-Info.plist"; sourceTree = "<group>"; };
		545904BD690706011CFD8DFC /* RallyClient.m */ = {isa = PBXFileReference; fileEncoding = 4; lastKnownFileType = sourcecode.c.objc; path = RallyClient.m; sourceTree = "<group>"; };
		545904DEA1BDC8002694E2B3 /* MyRallyApp-Prefix.pch */ = {isa = PBXFileReference; lastKnownFileType = sourcecode.c.h; path = "MyRallyApp-Prefix.pch"; sourceTree = "<group>"; };
		5459050FA006745DA716B60E /* Default@2x.png */ = {isa = PBXFileReference; lastKnownFileType = image.png; path = "Default@2x.png"; sourceTree = "<group>"; };
		54590561D1DE5C1D0379829C /* StoryDivider.h */ = {isa = PBXFileReference; fileEncoding = 4; lastKnownFileType = sourcecode.c.h; path = StoryDivider.h; sourceTree = "<group>"; };
		545905850AE7113F4C91BEF3 /* main.m */ = {isa = PBXFileReference; lastKnownFileType = sourcecode.c.objc; path = main.m; sourceTree = "<group>"; };
		545905E5016B73F7F7CE1513 /* en */ = {isa = PBXFileReference; lastKnownFileType = text.plist.strings; name = en; path = en.lproj/InfoPlist.strings; sourceTree = "<group>"; };
		545906C19DECACCC57A04A50 /* StoryCellTests.m */ = {isa = PBXFileReference; fileEncoding = 4; lastKnownFileType = sourcecode.c.objc; path = StoryCellTests.m; sourceTree = "<group>"; };
		545906C8CAC7177E64851A11 /* CTCustomTableViewCell.h */ = {isa = PBXFileReference; fileEncoding = 4; lastKnownFileType = sourcecode.c.h; path = CTCustomTableViewCell.h; sourceTree = "<group>"; };
		545907764D6CA1B6931325E3 /* StoryDataSource.h */ = {isa = PBXFileReference; fileEncoding = 4; lastKnownFileType = sourcecode.c.h; path = StoryDataSource.h; sourceTree = "<group>"; };
		5459098EC937FED54B70912A /* StoriesViewController.m */ = {isa = PBXFileReference; fileEncoding = 4; lastKnownFileType = sourcecode.c.objc; path = StoriesViewController.m; sourceTree = "<group>"; };
		545909AA9379487D3676A4FF /* MyRallyAppTests.octest */ = {isa = PBXFileReference; explicitFileType = wrapper.cfbundle; includeInIndex = 0; path = MyRallyAppTests.octest; sourceTree = BUILT_PRODUCTS_DIR; };
		54590A8AC6B4F4C1E631B927 /* StoriesViewController.h */ = {isa = PBXFileReference; fileEncoding = 4; lastKnownFileType = sourcecode.c.h; path = StoriesViewController.h; sourceTree = "<group>"; };
		54590AB6418F3A1416A5462C /* RallyClientTests.h */ = {isa = PBXFileReference; fileEncoding = 4; lastKnownFileType = sourcecode.c.h; path = RallyClientTests.h; sourceTree = "<group>"; };
		54590AF58632644CB8B54476 /* en */ = {isa = PBXFileReference; lastKnownFileType = file.storyboard; name = en; path = en.lproj/MainStoryboard.storyboard; sourceTree = "<group>"; };
		54590BBFA0EAB4FAEC802058 /* Foundation.framework */ = {isa = PBXFileReference; lastKnownFileType = wrapper.framework; name = Foundation.framework; path = System/Library/Frameworks/Foundation.framework; sourceTree = SDKROOT; };
		54590BE03D81C4F8EB8305AD /* CTCustomTableViewCell.m */ = {isa = PBXFileReference; fileEncoding = 4; lastKnownFileType = sourcecode.c.objc; path = CTCustomTableViewCell.m; sourceTree = "<group>"; };
		54590BFB50AD21312F2899BB /* StoryCell.m */ = {isa = PBXFileReference; fileEncoding = 4; lastKnownFileType = sourcecode.c.objc; path = StoryCell.m; sourceTree = "<group>"; };
		54590C0C470DBF7512C40E5D /* MyRallyAppTests-Info.plist */ = {isa = PBXFileReference; lastKnownFileType = text.plist.info; path = "MyRallyAppTests-Info.plist"; sourceTree = "<group>"; };
		54590CEA2C5C135F462DD18B /* StoryDataSourceTests.m */ = {isa = PBXFileReference; fileEncoding = 4; lastKnownFileType = sourcecode.c.objc; path = StoryDataSourceTests.m; sourceTree = "<group>"; };
		54590D8C123753B1C89E0656 /* StoryDivider.m */ = {isa = PBXFileReference; fileEncoding = 4; lastKnownFileType = sourcecode.c.objc; path = StoryDivider.m; sourceTree = "<group>"; };
		54590DA8D48E2433AF1E00DC /* Podfile */ = {isa = PBXFileReference; fileEncoding = 4; lastKnownFileType = text; path = Podfile; sourceTree = "<group>"; };
		54590E10EEDF311395C86EBA /* RallyClient.h */ = {isa = PBXFileReference; fileEncoding = 4; lastKnownFileType = sourcecode.c.h; path = RallyClient.h; sourceTree = "<group>"; };
		54590E50CD418A57BFCD9B30 /* StoryDataSourceTests.h */ = {isa = PBXFileReference; fileEncoding = 4; lastKnownFileType = sourcecode.c.h; path = StoryDataSourceTests.h; sourceTree = "<group>"; };
		54590E87A23E7D5927C1F916 /* Default-568h@2x.png */ = {isa = PBXFileReference; lastKnownFileType = image.png; path = "Default-568h@2x.png"; sourceTree = "<group>"; };
		54590EB6DD2C862A7F173308 /* StoryDividerTests.m */ = {isa = PBXFileReference; fileEncoding = 4; lastKnownFileType = sourcecode.c.objc; path = StoryDividerTests.m; sourceTree = "<group>"; };
		54590EE332CA6213C8EE9FEB /* StoryDataSource.m */ = {isa = PBXFileReference; fileEncoding = 4; lastKnownFileType = sourcecode.c.objc; path = StoryDataSource.m; sourceTree = "<group>"; };
		54590F36C67DD419EB0E063A /* UIKit.framework */ = {isa = PBXFileReference; lastKnownFileType = wrapper.framework; name = UIKit.framework; path = System/Library/Frameworks/UIKit.framework; sourceTree = SDKROOT; };
		54590F3FD60D1C25D15DD9BA /* SenTestingKit.framework */ = {isa = PBXFileReference; lastKnownFileType = wrapper.framework; name = SenTestingKit.framework; path = Library/Frameworks/SenTestingKit.framework; sourceTree = DEVELOPER_DIR; };
		54590F8E9464851CEAC9F593 /* StoryDividerTests.h */ = {isa = PBXFileReference; fileEncoding = 4; lastKnownFileType = sourcecode.c.h; path = StoryDividerTests.h; sourceTree = "<group>"; };
		54590F9798347B62499F9D67 /* Default.png */ = {isa = PBXFileReference; lastKnownFileType = image.png; path = Default.png; sourceTree = "<group>"; };
		A4A742FE260F4A77B297B6F4 /* Pods.xcconfig */ = {isa = PBXFileReference; includeInIndex = 1; lastKnownFileType = text.xcconfig; name = Pods.xcconfig; path = Pods/Pods.xcconfig; sourceTree = SOURCE_ROOT; };
		DC9E32D4976144D9A69143C6 /* libPods.a */ = {isa = PBXFileReference; explicitFileType = archive.ar; includeInIndex = 0; path = libPods.a; sourceTree = BUILT_PRODUCTS_DIR; };
/* End PBXFileReference section */

/* Begin PBXFrameworksBuildPhase section */
		545908FEC0A6CC600963CA8D /* Frameworks */ = {
			isa = PBXFrameworksBuildPhase;
			buildActionMask = 2147483647;
			files = (
				545907EA4B139C5A7390A041 /* SenTestingKit.framework in Frameworks */,
				545906D72AF3F55C566D8583 /* UIKit.framework in Frameworks */,
				545908DEFA8ADB8955A965EF /* Foundation.framework in Frameworks */,
			);
			runOnlyForDeploymentPostprocessing = 0;
		};
		54590CA5484B61FECED95F89 /* Frameworks */ = {
			isa = PBXFrameworksBuildPhase;
			buildActionMask = 2147483647;
			files = (
				54590F42BD971D27C49DA8B7 /* UIKit.framework in Frameworks */,
				545902ABD9D18500C3A1DD70 /* Foundation.framework in Frameworks */,
				545905203FC6E07D21036752 /* CoreGraphics.framework in Frameworks */,
				0AE5404DAC9F4043BBF954F4 /* libPods.a in Frameworks */,
			);
			runOnlyForDeploymentPostprocessing = 0;
		};
/* End PBXFrameworksBuildPhase section */

/* Begin PBXGroup section */
		5459001DCB6B47CF9DC1F620 /* StoryTable */ = {
			isa = PBXGroup;
			children = (
				545907764D6CA1B6931325E3 /* StoryDataSource.h */,
				545902C7E34AD6AEFCE55E64 /* StoryCell.h */,
				54590BFB50AD21312F2899BB /* StoryCell.m */,
				54590EE332CA6213C8EE9FEB /* StoryDataSource.m */,
				545902B43279A59D1F37C1D6 /* StoryCell.xib */,
				54590D8C123753B1C89E0656 /* StoryDivider.m */,
				54590561D1DE5C1D0379829C /* StoryDivider.h */,
			);
			path = StoryTable;
			sourceTree = "<group>";
		};
		54590147248C6AAE95C28F25 /* Supporting Files */ = {
			isa = PBXGroup;
			children = (
				54590C0C470DBF7512C40E5D /* MyRallyAppTests-Info.plist */,
				54590F9A29360D5F7EAB9BA7 /* InfoPlist.strings */,
			);
			name = "Supporting Files";
			sourceTree = "<group>";
		};
		545902D43E8EB3F941A6F37F /* Frameworks */ = {
			isa = PBXGroup;
			children = (
				54590F36C67DD419EB0E063A /* UIKit.framework */,
				54590BBFA0EAB4FAEC802058 /* Foundation.framework */,
				5459038A56F7BD684A5FA8A7 /* CoreGraphics.framework */,
				54590F3FD60D1C25D15DD9BA /* SenTestingKit.framework */,
				DC9E32D4976144D9A69143C6 /* libPods.a */,
			);
			name = Frameworks;
			sourceTree = "<group>";
		};
		545902D9BA4E17F379C913E0 /* Rally */ = {
			isa = PBXGroup;
			children = (
				545901EE5792260CD7911C21 /* RallyClientTests.m */,
				54590AB6418F3A1416A5462C /* RallyClientTests.h */,
			);
			path = Rally;
			sourceTree = "<group>";
		};
		5459051D356FBCF103B61FAE /* Lib */ = {
			isa = PBXGroup;
			children = (
				54590BE03D81C4F8EB8305AD /* CTCustomTableViewCell.m */,
				545906C8CAC7177E64851A11 /* CTCustomTableViewCell.h */,
			);
			path = Lib;
			sourceTree = "<group>";
		};
		545906747B03BD2C9684C3A5 /* StoryTable */ = {
			isa = PBXGroup;
			children = (
				54590CEA2C5C135F462DD18B /* StoryDataSourceTests.m */,
				54590E50CD418A57BFCD9B30 /* StoryDataSourceTests.h */,
				545906C19DECACCC57A04A50 /* StoryCellTests.m */,
				54590153E68EC1845FEDCA7C /* StoryCellTests.h */,
				54590EB6DD2C862A7F173308 /* StoryDividerTests.m */,
				54590F8E9464851CEAC9F593 /* StoryDividerTests.h */,
			);
			path = StoryTable;
			sourceTree = "<group>";
		};
		545906BD2BD7F4E42421C97B /* MyRallyAppTests */ = {
			isa = PBXGroup;
			children = (
				54590147248C6AAE95C28F25 /* Supporting Files */,
				545902D9BA4E17F379C913E0 /* Rally */,
				545906747B03BD2C9684C3A5 /* StoryTable */,
			);
			path = MyRallyAppTests;
			sourceTree = "<group>";
		};
		545907EB8C9EDE3B6BE12AA6 /* Supporting Files */ = {
			isa = PBXGroup;
			children = (
				5459048B880EB8C731BC9F03 /* MyRallyApp-Info.plist */,
				5459070A5C1538565543FFB0 /* InfoPlist.strings */,
				545905850AE7113F4C91BEF3 /* main.m */,
				545904DEA1BDC8002694E2B3 /* MyRallyApp-Prefix.pch */,
				54590F9798347B62499F9D67 /* Default.png */,
				5459050FA006745DA716B60E /* Default@2x.png */,
				54590E87A23E7D5927C1F916 /* Default-568h@2x.png */,
			);
			name = "Supporting Files";
			sourceTree = "<group>";
		};
		545909BD5EA8EF8B9E70438A = {
			isa = PBXGroup;
			children = (
				02AFF5751760D04D0069E4C3 /* libPods.a */,
				54590A8455E5E31CF4E2C7AC /* Products */,
				545902D43E8EB3F941A6F37F /* Frameworks */,
				54590A4CF9C88C408421C438 /* MyRallyApp */,
				545906BD2BD7F4E42421C97B /* MyRallyAppTests */,
				54590DA8D48E2433AF1E00DC /* Podfile */,
				5459001F203F364BFB46923F /* Gemfile */,
				A4A742FE260F4A77B297B6F4 /* Pods.xcconfig */,
				545902A171696C380F7EC69D /* Rakefile */,
				545900B22C603F92D364A590 /* .travis.yml */,
			);
			sourceTree = "<group>";
		};
		545909CA0F7C2CB39DFA7A62 /* Rally */ = {
			isa = PBXGroup;
			children = (
				545904BD690706011CFD8DFC /* RallyClient.m */,
				54590E10EEDF311395C86EBA /* RallyClient.h */,
			);
			path = Rally;
			sourceTree = "<group>";
		};
		54590A4CF9C88C408421C438 /* MyRallyApp */ = {
			isa = PBXGroup;
			children = (
				545907EB8C9EDE3B6BE12AA6 /* Supporting Files */,
				5459047929CCFB42ADC10ECD /* RAAppDelegate.h */,
				5459013BCFB66C92D96A37A5 /* RAAppDelegate.m */,
				545903C2AFA25705F1713DA6 /* MainStoryboard.storyboard */,
				545900CC0D60E6C4DEAFBCB9 /* RALoginController.h */,
				5459012DFA1CC5DD3898D0C3 /* RALoginController.m */,
				5459098EC937FED54B70912A /* StoriesViewController.m */,
				54590A8AC6B4F4C1E631B927 /* StoriesViewController.h */,
				545909CA0F7C2CB39DFA7A62 /* Rally */,
				5459051D356FBCF103B61FAE /* Lib */,
				5459001DCB6B47CF9DC1F620 /* StoryTable */,
			);
			path = MyRallyApp;
			sourceTree = "<group>";
		};
		54590A8455E5E31CF4E2C7AC /* Products */ = {
			isa = PBXGroup;
			children = (
				54590016F9E3E979B8086653 /* MyRallyApp.app */,
				545909AA9379487D3676A4FF /* MyRallyAppTests.octest */,
			);
			name = Products;
			sourceTree = "<group>";
		};
/* End PBXGroup section */

/* Begin PBXNativeTarget section */
		5459081CA0B7ED8C657BE0EC /* MyRallyAppTests */ = {
			isa = PBXNativeTarget;
			buildConfigurationList = 54590B12CA76B09D1872A263 /* Build configuration list for PBXNativeTarget "MyRallyAppTests" */;
			buildPhases = (
				54590E0A8A3D2950D2BBD188 /* Sources */,
				545908FEC0A6CC600963CA8D /* Frameworks */,
				54590FE360B8B5B4CB773F9F /* Resources */,
				54590BA1525A9C31CF57AC9F /* ShellScript */,
			);
			buildRules = (
			);
			dependencies = (
				5459033AD3E0FE16754607AE /* PBXTargetDependency */,
			);
			name = MyRallyAppTests;
			productName = MyRallyAppTests;
			productReference = 545909AA9379487D3676A4FF /* MyRallyAppTests.octest */;
			productType = "com.apple.product-type.bundle";
		};
		545909CCA13D1F079C16F0DF /* MyRallyApp */ = {
			isa = PBXNativeTarget;
			buildConfigurationList = 5459091A4E7C74478BB4A985 /* Build configuration list for PBXNativeTarget "MyRallyApp" */;
			buildPhases = (
				1D4760DEA7FA4E07A357CD1C /* Check Pods Manifest.lock */,
				5459049D675F0AF1C13DE265 /* Sources */,
				54590CA5484B61FECED95F89 /* Frameworks */,
				54590AD16AE86D5A21C5B03F /* Resources */,
				ECC965368EAE4C3A914381EF /* Copy Pods Resources */,
			);
			buildRules = (
			);
			dependencies = (
			);
			name = MyRallyApp;
			productName = MyRallyApp;
			productReference = 54590016F9E3E979B8086653 /* MyRallyApp.app */;
			productType = "com.apple.product-type.application";
		};
/* End PBXNativeTarget section */

/* Begin PBXProject section */
		54590A4D4EAF3771C19B2603 /* Project object */ = {
			isa = PBXProject;
			attributes = {
				ORGANIZATIONNAME = Rally;
			};
			buildConfigurationList = 54590742135E42E4660C8336 /* Build configuration list for PBXProject "MyRallyApp" */;
			compatibilityVersion = "Xcode 3.2";
			developmentRegion = English;
			hasScannedForEncodings = 0;
			knownRegions = (
				en,
			);
			mainGroup = 545909BD5EA8EF8B9E70438A;
			productRefGroup = 54590A8455E5E31CF4E2C7AC /* Products */;
			projectDirPath = "";
			projectRoot = "";
			targets = (
				545909CCA13D1F079C16F0DF /* MyRallyApp */,
				5459081CA0B7ED8C657BE0EC /* MyRallyAppTests */,
			);
		};
/* End PBXProject section */

/* Begin PBXResourcesBuildPhase section */
		54590AD16AE86D5A21C5B03F /* Resources */ = {
			isa = PBXResourcesBuildPhase;
			buildActionMask = 2147483647;
			files = (
				545908A738B5EEB1DA2A1C3B /* InfoPlist.strings in Resources */,
				54590F0FF6B010B84C685BCB /* Default.png in Resources */,
				5459011D18AFBAF54D873B2B /* Default@2x.png in Resources */,
				5459013EBE9F0E5C78C72D14 /* Default-568h@2x.png in Resources */,
				54590570EC6682E6B04A155B /* MainStoryboard.storyboard in Resources */,
				54590075094F5B2AE5D51FA9 /* Podfile in Resources */,
				54590AD942C09298A1DE9F18 /* Gemfile in Resources */,
				54590430BCADA08D534E054E /* StoryCell.xib in Resources */,
				5459014A93F7B70F79887D5D /* Rakefile in Resources */,
				54590A52A4A01B57F2614749 /* .travis.yml in Resources */,
			);
			runOnlyForDeploymentPostprocessing = 0;
		};
		54590FE360B8B5B4CB773F9F /* Resources */ = {
			isa = PBXResourcesBuildPhase;
			buildActionMask = 2147483647;
			files = (
				54590299F3ED513FF2A2E8D7 /* InfoPlist.strings in Resources */,
			);
			runOnlyForDeploymentPostprocessing = 0;
		};
/* End PBXResourcesBuildPhase section */

/* Begin PBXShellScriptBuildPhase section */
		1D4760DEA7FA4E07A357CD1C /* Check Pods Manifest.lock */ = {
			isa = PBXShellScriptBuildPhase;
			buildActionMask = 2147483647;
			files = (
			);
			inputPaths = (
			);
			name = "Check Pods Manifest.lock";
			outputPaths = (
			);
			runOnlyForDeploymentPostprocessing = 0;
			shellPath = /bin/sh;
			shellScript = "diff \"${PODS_ROOT}/../Podfile.lock\" \"${PODS_ROOT}/Manifest.lock\" > /dev/null\nif [[ $? != 0 ]] ; then\n    cat << EOM\nerror: The sandbox is not in sync with the Podfile.lock. Run 'pod install' or update your CocoaPods installation.\nEOM\n    exit 1\nfi\n";
		};
		54590BA1525A9C31CF57AC9F /* ShellScript */ = {
			isa = PBXShellScriptBuildPhase;
			buildActionMask = 2147483647;
			files = (
			);
			inputPaths = (
			);
			outputPaths = (
			);
			runOnlyForDeploymentPostprocessing = 0;
			shellPath = /bin/sh;
			shellScript = "# Run the unit tests in this test bundle.\n\"${SYSTEM_DEVELOPER_DIR}/Tools/RunUnitTests\"\n";
		};
		ECC965368EAE4C3A914381EF /* Copy Pods Resources */ = {
			isa = PBXShellScriptBuildPhase;
			buildActionMask = 2147483647;
			files = (
			);
			inputPaths = (
			);
			name = "Copy Pods Resources";
			outputPaths = (
			);
			runOnlyForDeploymentPostprocessing = 0;
			shellPath = /bin/sh;
			shellScript = "\"${SRCROOT}/Pods/Pods-resources.sh\"\n";
		};
/* End PBXShellScriptBuildPhase section */

/* Begin PBXSourcesBuildPhase section */
		5459049D675F0AF1C13DE265 /* Sources */ = {
			isa = PBXSourcesBuildPhase;
			buildActionMask = 2147483647;
			files = (
				54590D375583C5BDD1B18073 /* main.m in Sources */,
				54590B76632215B80F09DDF4 /* RAAppDelegate.m in Sources */,
				545905CE41C29BC58CF97E5D /* RALoginController.m in Sources */,
				54590F43D007FBD3B54EA2C1 /* StoriesViewController.m in Sources */,
				54590D0602B4F43B4470C443 /* RallyClient.m in Sources */,
				54590D9E2CC17BAD9C6A2537 /* CTCustomTableViewCell.m in Sources */,
				545901552ACC8C59EEF8EC09 /* StoryCell.m in Sources */,
				54590ADDDE95C6EF18700C44 /* StoryDataSource.m in Sources */,
				54590807A33783883F9D0F79 /* StoryDivider.m in Sources */,
			);
			runOnlyForDeploymentPostprocessing = 0;
		};
		54590E0A8A3D2950D2BBD188 /* Sources */ = {
			isa = PBXSourcesBuildPhase;
			buildActionMask = 2147483647;
			files = (
				545905963F036EABA94CA5BE /* RallyClientTests.m in Sources */,
				54590A316F9A9D921D8B6815 /* StoryDataSourceTests.m in Sources */,
				545902249B0D9EED72C8F440 /* StoryCellTests.m in Sources */,
				545900BB8C25A6F6C02DC7EE /* StoryDividerTests.m in Sources */,
			);
			runOnlyForDeploymentPostprocessing = 0;
		};
/* End PBXSourcesBuildPhase section */

/* Begin PBXTargetDependency section */
		5459033AD3E0FE16754607AE /* PBXTargetDependency */ = {
			isa = PBXTargetDependency;
			target = 545909CCA13D1F079C16F0DF /* MyRallyApp */;
			targetProxy = 54590ECFD801EC237A589842 /* PBXContainerItemProxy */;
		};
/* End PBXTargetDependency section */

/* Begin PBXVariantGroup section */
		545903C2AFA25705F1713DA6 /* MainStoryboard.storyboard */ = {
			isa = PBXVariantGroup;
			children = (
				54590AF58632644CB8B54476 /* en */,
			);
			name = MainStoryboard.storyboard;
			sourceTree = "<group>";
		};
		5459070A5C1538565543FFB0 /* InfoPlist.strings */ = {
			isa = PBXVariantGroup;
			children = (
				545901AC6FA27D69517B100B /* en */,
			);
			name = InfoPlist.strings;
			sourceTree = "<group>";
		};
		54590F9A29360D5F7EAB9BA7 /* InfoPlist.strings */ = {
			isa = PBXVariantGroup;
			children = (
				545905E5016B73F7F7CE1513 /* en */,
			);
			name = InfoPlist.strings;
			sourceTree = "<group>";
		};
/* End PBXVariantGroup section */

/* Begin XCBuildConfiguration section */
		545901E56984D554D45DDEA2 /* Release */ = {
			isa = XCBuildConfiguration;
			baseConfigurationReference = A4A742FE260F4A77B297B6F4 /* Pods.xcconfig */;
			buildSettings = {
				GCC_PRECOMPILE_PREFIX_HEADER = YES;
				GCC_PREFIX_HEADER = "MyRallyApp/MyRallyApp-Prefix.pch";
				INFOPLIST_FILE = "MyRallyApp/MyRallyApp-Info.plist";
				PRODUCT_NAME = "$(TARGET_NAME)";
				USER_HEADER_SEARCH_PATHS = "\"${PROJECT_DIR}/Pods\"/**";
				WRAPPER_EXTENSION = app;
			};
			name = Release;
		};
		545903D470149D833D375EAF /* Release */ = {
			isa = XCBuildConfiguration;
			buildSettings = {
				ALWAYS_SEARCH_USER_PATHS = NO;
				CLANG_CXX_LANGUAGE_STANDARD = "gnu++0x";
				CLANG_CXX_LIBRARY = "libc++";
				CLANG_ENABLE_OBJC_ARC = YES;
				CLANG_WARN_CONSTANT_CONVERSION = YES;
				CLANG_WARN_EMPTY_BODY = YES;
				CLANG_WARN_ENUM_CONVERSION = YES;
				CLANG_WARN_INT_CONVERSION = YES;
				CLANG_WARN__DUPLICATE_METHOD_MATCH = YES;
				"CODE_SIGN_IDENTITY[sdk=iphoneos*]" = "iPhone Developer";
				COPY_PHASE_STRIP = YES;
				GCC_C_LANGUAGE_STANDARD = gnu99;
				GCC_WARN_ABOUT_RETURN_TYPE = YES;
				GCC_WARN_UNINITIALIZED_AUTOS = YES;
				GCC_WARN_UNUSED_VARIABLE = YES;
				IPHONEOS_DEPLOYMENT_TARGET = 6.1;
				ONLY_ACTIVE_ARCH = NO;
				OTHER_CFLAGS = "-DNS_BLOCK_ASSERTIONS=1";
				SDKROOT = iphoneos;
				VALIDATE_PRODUCT = YES;
			};
			name = Release;
		};
		54590900CEC8A011C9F313A2 /* Debug */ = {
			isa = XCBuildConfiguration;
			buildSettings = {
				BUNDLE_LOADER = "$(BUILT_PRODUCTS_DIR)/MyRallyApp.app/MyRallyApp";
				FRAMEWORK_SEARCH_PATHS = (
					"\"$(SDKROOT)/Developer/Library/Frameworks\"",
					"\"$(DEVELOPER_LIBRARY_DIR)/Frameworks\"",
				);
				GCC_PRECOMPILE_PREFIX_HEADER = YES;
				GCC_PREFIX_HEADER = "MyRallyApp/MyRallyApp-Prefix.pch";
				INFOPLIST_FILE = "MyRallyAppTests/MyRallyAppTests-Info.plist";
				ONLY_ACTIVE_ARCH = NO;
				PRODUCT_NAME = "$(TARGET_NAME)";
				TEST_HOST = "$(BUNDLE_LOADER)";
				USER_HEADER_SEARCH_PATHS = "\"${PROJECT_DIR}/Pods\"/** \"${PROJECT_DIR}/Pods\"/**";
				WRAPPER_EXTENSION = octest;
			};
			name = Debug;
		};
		545909617E3236F19B0B4186 /* Debug */ = {
			isa = XCBuildConfiguration;
			baseConfigurationReference = A4A742FE260F4A77B297B6F4 /* Pods.xcconfig */;
			buildSettings = {
				GCC_PRECOMPILE_PREFIX_HEADER = YES;
				GCC_PREFIX_HEADER = "MyRallyApp/MyRallyApp-Prefix.pch";
				INFOPLIST_FILE = "MyRallyApp/MyRallyApp-Info.plist";
				PRODUCT_NAME = "$(TARGET_NAME)";
				USER_HEADER_SEARCH_PATHS = "\"${PROJECT_DIR}/Pods\"/**";
				WRAPPER_EXTENSION = app;
			};
			name = Debug;
		};
		54590C38830D74E94CD49EC2 /* Release */ = {
			isa = XCBuildConfiguration;
			buildSettings = {
				BUNDLE_LOADER = "$(BUILT_PRODUCTS_DIR)/MyRallyApp.app/MyRallyApp";
				FRAMEWORK_SEARCH_PATHS = (
					"\"$(SDKROOT)/Developer/Library/Frameworks\"",
					"\"$(DEVELOPER_LIBRARY_DIR)/Frameworks\"",
				);
				GCC_PRECOMPILE_PREFIX_HEADER = YES;
				GCC_PREFIX_HEADER = "MyRallyApp/MyRallyApp-Prefix.pch";
				INFOPLIST_FILE = "MyRallyAppTests/MyRallyAppTests-Info.plist";
				ONLY_ACTIVE_ARCH = NO;
				PRODUCT_NAME = "$(TARGET_NAME)";
				TEST_HOST = "$(BUNDLE_LOADER)";
				USER_HEADER_SEARCH_PATHS = "\"${PROJECT_DIR}/Pods\"/** \"${PROJECT_DIR}/Pods\"/**";
				WRAPPER_EXTENSION = octest;
			};
			name = Release;
		};
		54590D87CAD8B6AF53ECB8C1 /* Debug */ = {
			isa = XCBuildConfiguration;
			buildSettings = {
				ALWAYS_SEARCH_USER_PATHS = NO;
				CLANG_CXX_LANGUAGE_STANDARD = "gnu++0x";
				CLANG_CXX_LIBRARY = "libc++";
				CLANG_ENABLE_OBJC_ARC = YES;
				CLANG_WARN_CONSTANT_CONVERSION = YES;
				CLANG_WARN_EMPTY_BODY = YES;
				CLANG_WARN_ENUM_CONVERSION = YES;
				CLANG_WARN_INT_CONVERSION = YES;
				CLANG_WARN__DUPLICATE_METHOD_MATCH = YES;
				"CODE_SIGN_IDENTITY[sdk=iphoneos*]" = "iPhone Developer";
				COPY_PHASE_STRIP = NO;
				GCC_C_LANGUAGE_STANDARD = gnu99;
				GCC_DYNAMIC_NO_PIC = NO;
				GCC_OPTIMIZATION_LEVEL = 0;
				GCC_PREPROCESSOR_DEFINITIONS = (
					"DEBUG=1",
					"$(inherited)",
				);
				GCC_SYMBOLS_PRIVATE_EXTERN = NO;
				GCC_WARN_ABOUT_RETURN_TYPE = YES;
				GCC_WARN_UNINITIALIZED_AUTOS = YES;
				GCC_WARN_UNUSED_VARIABLE = YES;
				IPHONEOS_DEPLOYMENT_TARGET = 6.1;
				ONLY_ACTIVE_ARCH = NO;
				SDKROOT = iphoneos;
			};
			name = Debug;
		};
/* End XCBuildConfiguration section */

/* Begin XCConfigurationList section */
		54590742135E42E4660C8336 /* Build configuration list for PBXProject "MyRallyApp" */ = {
			isa = XCConfigurationList;
			buildConfigurations = (
				545903D470149D833D375EAF /* Release */,
				54590D87CAD8B6AF53ECB8C1 /* Debug */,
			);
			defaultConfigurationIsVisible = 0;
			defaultConfigurationName = Release;
		};
		5459091A4E7C74478BB4A985 /* Build configuration list for PBXNativeTarget "MyRallyApp" */ = {
			isa = XCConfigurationList;
			buildConfigurations = (
				545901E56984D554D45DDEA2 /* Release */,
				545909617E3236F19B0B4186 /* Debug */,
			);
			defaultConfigurationIsVisible = 0;
			defaultConfigurationName = Release;
		};
		54590B12CA76B09D1872A263 /* Build configuration list for PBXNativeTarget "MyRallyAppTests" */ = {
			isa = XCConfigurationList;
			buildConfigurations = (
				54590C38830D74E94CD49EC2 /* Release */,
				54590900CEC8A011C9F313A2 /* Debug */,
			);
			defaultConfigurationIsVisible = 0;
			defaultConfigurationName = Release;
		};
/* End XCConfigurationList section */
	};
	rootObject = 54590A4D4EAF3771C19B2603 /* Project object */;
}
